<?xml version="1.0" encoding="utf-8"?>
<Project ToolsVersion="4.0" xmlns="http://schemas.microsoft.com/developer/msbuild/2003">
  <ItemGroup>
    <Filter Include="Source Files">
      <UniqueIdentifier>{4FC737F1-C7A5-4376-A066-2A32D752A2FF}</UniqueIdentifier>
      <Extensions>cpp;c;cc;cxx;def;odl;idl;hpj;bat;asm;asmx</Extensions>
    </Filter>
    <Filter Include="Header Files">
      <UniqueIdentifier>{93995380-89BD-4b04-88EB-625FBE52EBFB}</UniqueIdentifier>
      <Extensions>h;hh;hpp;hxx;hm;inl;inc;ipp;xsd</Extensions>
    </Filter>
    <Filter Include="Resource Files">
      <UniqueIdentifier>{67DA6AB6-F800-4c08-8B7A-83BB121AAD01}</UniqueIdentifier>
      <Extensions>rc;ico;cur;bmp;dlg;rc2;rct;bin;rgs;gif;jpg;jpeg;jpe;resx;tiff;tif;png;wav;mfcribbon-ms</Extensions>
    </Filter>
    <Filter Include="Source Files\models">
      <UniqueIdentifier>{34ba0235-e314-4708-a081-a7d40f5ef4ac}</UniqueIdentifier>
    </Filter>
    <Filter Include="Source Files\validators">
      <UniqueIdentifier>{a2887f92-9937-43c5-a0ae-31978fdf2ad2}</UniqueIdentifier>
    </Filter>
    <Filter Include="Source Files\tests">
      <UniqueIdentifier>{763378bf-2085-4141-9027-f3c4c585f07a}</UniqueIdentifier>
    </Filter>
    <Filter Include="Source Files\repository">
      <UniqueIdentifier>{ec114534-348b-459f-b6a9-c5b251182410}</UniqueIdentifier>
    </Filter>
    <Filter Include="Source Files\services">
      <UniqueIdentifier>{d35f296c-47dd-4a2b-9828-fac24e7b0f98}</UniqueIdentifier>
    </Filter>
    <Filter Include="Source Files\ui">
      <UniqueIdentifier>{b1e4afaa-6792-4bb2-8ab8-18bdbedb20cc}</UniqueIdentifier>
    </Filter>
    <Filter Include="Source Files\utils">
      <UniqueIdentifier>{0d6d2e3b-878d-4e68-a368-8a51b0e30269}</UniqueIdentifier>
    </Filter>
  </ItemGroup>
  <ItemGroup>
    <ClCompile Include="book.cpp">
      <Filter>Source Files\models</Filter>
    </ClCompile>
    <ClCompile Include="utilities.cpp">
      <Filter>Source Files\models</Filter>
    </ClCompile>
    <ClCompile Include="book_validator.cpp">
      <Filter>Source Files\validators</Filter>
    </ClCompile>
    <ClCompile Include="main.cpp">
      <Filter>Source Files</Filter>
    </ClCompile>
    <ClCompile Include="test_validator.cpp">
      <Filter>Source Files\tests</Filter>
    </ClCompile>
    <ClCompile Include="test_book.cpp">
      <Filter>Source Files\tests</Filter>
    </ClCompile>
    <ClCompile Include="book_service.cpp">
      <Filter>Source Files\services</Filter>
    </ClCompile>
    <ClCompile Include="test_book_service.cpp">
      <Filter>Source Files\tests</Filter>
    </ClCompile>
    <ClCompile Include="test_book_repo.cpp">
      <Filter>Source Files\tests</Filter>
    </ClCompile>
    <ClCompile Include="ui.cpp">
      <Filter>Source Files\ui</Filter>
    </ClCompile>
    <ClCompile Include="test_utils.cpp">
      <Filter>Source Files\tests</Filter>
    </ClCompile>
    <ClCompile Include="cart_service.cpp">
      <Filter>Source Files\services</Filter>
    </ClCompile>
    <ClCompile Include="cart_repo.cpp">
      <Filter>Source Files\repository</Filter>
    </ClCompile>
    <ClCompile Include="test_cart_service.cpp">
      <Filter>Source Files\tests</Filter>
    </ClCompile>
    <ClCompile Include="test_book_file_repo.cpp">
      <Filter>Source Files\tests</Filter>
    </ClCompile>
  </ItemGroup>
  <ItemGroup>
    <ClInclude Include="book.h">
      <Filter>Source Files\models</Filter>
    </ClInclude>
    <ClInclude Include="tests.h">
      <Filter>Source Files\tests</Filter>
    </ClInclude>
    <ClInclude Include="book_service.h">
      <Filter>Source Files\services</Filter>
    </ClInclude>
    <ClInclude Include="ui.h">
      <Filter>Source Files\ui</Filter>
    </ClInclude>
    <ClInclude Include="book_validator.h">
      <Filter>Source Files\validators</Filter>
    </ClInclude>
    <ClInclude Include="utilities.h">
      <Filter>Source Files\utils</Filter>
    </ClInclude>
    <ClInclude Include="DynamicArray.h">
      <Filter>Source Files\utils</Filter>
    </ClInclude>
    <ClInclude Include="cart_service.h">
      <Filter>Source Files\services</Filter>
    </ClInclude>
    <ClInclude Include="cart_repo.h">
      <Filter>Source Files\repository</Filter>
    </ClInclude>
    <ClInclude Include="book_file_repo.h">
      <Filter>Source Files\repository</Filter>
    </ClInclude>
    <ClInclude Include="undo.h">
      <Filter>Source Files\services</Filter>
    </ClInclude>
    <ClInclude Include="book_repo.h">
      <Filter>Source Files\repository</Filter>
    </ClInclude>
    <ClInclude Include="fail_repo.h">
      <Filter>Source Files\repository</Filter>
    </ClInclude>
  </ItemGroup>
</Project>